{
  "nodes": {
    "general-functions": {
      "flake": false,
      "locked": {
        "lastModified": 1791565078,
        "narHash": "sha256-8/xTSx/50TMP1pSfEc2VW11jD6DIjeesrFmlrqQTeZs=",
        "owner": "timoko3",
        "repo": "generalFunctions",
        "rev": "a46b47412a4996a2668a0bd525507702040052f2",
        "type": "github"
      },
      "original": {
        "owner": "timoko3",
        "repo": "generalFunctions",
        "type": "github"
      }
    },
    "nixpkgs": {
      "locked": {
        "lastModified": 1791426274,
        "narHash": "sha256-MWhktfFtFE8Jl7bf9Pkp7TR5MSdYCjCswSo0Gkb4ywc=",
        "owner": "NixOS",
        "repo": "nixpkgs",
        "rev": "7c8764b7c7b09b34f632464276218ef9090eaa11",
        "type": "github"
      },
      "original": {
        "owner": "NixOS",
        "ref": "nixos-26.05",
        "repo": "nixpkgs",
        "type": "github"
      }
    },
    "root": {
      "inputs": {
        "general-functions": "general-functions",
        "nixpkgs": "nixpkgs"
      }
    }
  },
  "root": "root",
  "version": 7
}
